<?xml version="1.0" encoding="utf-8"?>
<Project ToolsVersion="4.0" xmlns="http://schemas.microsoft.com/developer/msbuild/2003">
  <ItemGroup>
    <Filter Include="Source Files">
      <UniqueIdentifier>{4FC737F1-C7A5-4376-A066-2A32D752A2FF}</UniqueIdentifier>
      <Extensions>cpp;c;cc;cxx;c++;cppm;ixx;def;odl;idl;hpj;bat;asm;asmx</Extensions>
    </Filter>
    <Filter Include="Header Files">
      <UniqueIdentifier>{93995380-89BD-4b04-88EB-625FBE52EBFB}</UniqueIdentifier>
      <Extensions>h;hh;hpp;hxx;h++;hm;inl;inc;ipp;xsd</Extensions>
    </Filter>
    <Filter Include="Resource Files">
      <UniqueIdentifier>{67DA6AB6-F800-4c08-8B7A-83BB121AAD01}</UniqueIdentifier>
      <Extensions>rc;ico;cur;bmp;dlg;rc2;rct;bin;rgs;gif;jpg;jpeg;jpe;resx;tiff;tif;png;wav;mfcribbon-ms</Extensions>
    </Filter>
    <Filter Include="Source Files\UreTechEngine">
      <UniqueIdentifier>{41b62744-30e5-4336-b027-a7169066e63e}</UniqueIdentifier>
    </Filter>
    <Filter Include="Source Files\UreTechEngine\utils">
      <UniqueIdentifier>{c1ed5e51-a3a1-46f1-8057-bb5261d63721}</UniqueIdentifier>
    </Filter>
    <Filter Include="Source Files\UreTechEngine\shaders">
      <UniqueIdentifier>{e139609f-c93e-462c-ad79-356e17a8ff21}</UniqueIdentifier>
    </Filter>
    <Filter Include="Source Files\UreTechEngine\entity">
      <UniqueIdentifier>{85fc24c0-bf96-4c39-9c28-4083fcf29227}</UniqueIdentifier>
    </Filter>
    <Filter Include="Source Files\UreTechEngine\defaultEngineShapes">
      <UniqueIdentifier>{e6cb6ffe-7d5c-4261-a48f-8019a77dcf6e}</UniqueIdentifier>
    </Filter>
  </ItemGroup>
  <ItemGroup>
    <ClCompile Include="Source.cpp">
      <Filter>Source Files</Filter>
    </ClCompile>
    <ClCompile Include="src\glad.c">
      <Filter>Source Files</Filter>
    </ClCompile>
    <ClCompile Include="shaderSystem.cpp">
      <Filter>Source Files\UreTechEngine\shaders</Filter>
    </ClCompile>
    <ClCompile Include="entity.cpp">
      <Filter>Source Files\UreTechEngine\entity</Filter>
    </ClCompile>
    <ClCompile Include="textureSystem.cpp">
      <Filter>Source Files\UreTechEngine\shaders</Filter>
    </ClCompile>
    <ClCompile Include="vertexArray.cpp">
      <Filter>Source Files\UreTechEngine\shaders</Filter>
    </ClCompile>
    <ClCompile Include="mesh.cpp">
      <Filter>Source Files\UreTechEngine\shaders</Filter>
    </ClCompile>
  </ItemGroup>
  <ItemGroup>
    <None Include="packages.config" />
    <None Include="baseVS.glsl">
      <Filter>Source Files\UreTechEngine\shaders</Filter>
    </None>
    <None Include="baseFS.glsl">
      <Filter>Source Files\UreTechEngine\shaders</Filter>
    </None>
  </ItemGroup>
  <ItemGroup>
    <ClInclude Include="baseVector.h">
      <Filter>Source Files\UreTechEngine\utils</Filter>
    </ClInclude>
    <ClInclude Include="shaderSystem.hpp">
      <Filter>Source Files\UreTechEngine\shaders</Filter>
    </ClInclude>
    <ClInclude Include="entity.h">
      <Filter>Source Files\UreTechEngine\entity</Filter>
    </ClInclude>
    <ClInclude Include="EngineBase.h">
      <Filter>Source Files\UreTechEngine</Filter>
    </ClInclude>
    <ClInclude Include="src\stb_image.h">
      <Filter>Source Files</Filter>
    </ClInclude>
    <ClInclude Include="textureSystem.hpp">
      <Filter>Source Files\UreTechEngine\shaders</Filter>
    </ClInclude>
    <ClInclude Include="vertexArray.hpp">
      <Filter>Source Files\UreTechEngine\shaders</Filter>
    </ClInclude>
    <ClInclude Include="vertexStructs.hpp">
      <Filter>Source Files\UreTechEngine\shaders</Filter>
    </ClInclude>
    <ClInclude Include="UreTechCube.h">
      <Filter>Source Files\UreTechEngine\defaultEngineShapes</Filter>
    </ClInclude>
    <ClInclude Include="mesh.hpp">
      <Filter>Source Files\UreTechEngine\shaders</Filter>
    </ClInclude>
  </ItemGroup>
</Project>