<?xml version="1.0" encoding="utf-8"?>
<Project ToolsVersion="4.0" xmlns="http://schemas.microsoft.com/developer/msbuild/2003">
  <ItemGroup>
    <Filter Include="Source Files">
      <UniqueIdentifier>{4FC737F1-C7A5-4376-A066-2A32D752A2FF}</UniqueIdentifier>
      <Extensions>cpp;c;cc;cxx;c++;cppm;ixx;def;odl;idl;hpj;bat;asm;asmx</Extensions>
    </Filter>
    <Filter Include="Header Files">
      <UniqueIdentifier>{93995380-89BD-4b04-88EB-625FBE52EBFB}</UniqueIdentifier>
      <Extensions>h;hh;hpp;hxx;h++;hm;inl;inc;ipp;xsd</Extensions>
    </Filter>
    <Filter Include="Resource Files">
      <UniqueIdentifier>{67DA6AB6-F800-4c08-8B7A-83BB121AAD01}</UniqueIdentifier>
      <Extensions>rc;ico;cur;bmp;dlg;rc2;rct;bin;rgs;gif;jpg;jpeg;jpe;resx;tiff;tif;png;wav;mfcribbon-ms</Extensions>
    </Filter>
    <Filter Include="Source Files\UreTechEngine">
      <UniqueIdentifier>{41b62744-30e5-4336-b027-a7169066e63e}</UniqueIdentifier>
    </Filter>
    <Filter Include="Source Files\UreTechEngine\utils">
      <UniqueIdentifier>{c1ed5e51-a3a1-46f1-8057-bb5261d63721}</UniqueIdentifier>
    </Filter>
    <Filter Include="Source Files\UreTechEngine\shaders">
      <UniqueIdentifier>{e139609f-c93e-462c-ad79-356e17a8ff21}</UniqueIdentifier>
    </Filter>
    <Filter Include="Source Files\UreTechEngine\entity">
      <UniqueIdentifier>{85fc24c0-bf96-4c39-9c28-4083fcf29227}</UniqueIdentifier>
    </Filter>
    <Filter Include="Source Files\UreTechEngine\defaultEngineShapes">
      <UniqueIdentifier>{e6cb6ffe-7d5c-4261-a48f-8019a77dcf6e}</UniqueIdentifier>
    </Filter>
    <Filter Include="Source Files\UreTechEngine\player">
      <UniqueIdentifier>{b2872e87-0850-4bff-aecf-75d79995c370}</UniqueIdentifier>
    </Filter>
    <Filter Include="Source Files\imgui">
      <UniqueIdentifier>{a7b8d963-c234-499b-9899-f400df7932e1}</UniqueIdentifier>
    </Filter>
    <Filter Include="Source Files\vayRUSContent">
      <UniqueIdentifier>{4fd3f681-48b2-4873-a55b-33a51b8e64f8}</UniqueIdentifier>
    </Filter>
    <Filter Include="Source Files\UreTechEngine\network">
      <UniqueIdentifier>{dd871dd1-86f0-4323-8df5-e46eedd0ad67}</UniqueIdentifier>
    </Filter>
  </ItemGroup>
  <ItemGroup>
    <ClCompile Include="imgui\imgui.cpp">
      <Filter>Source Files\imgui</Filter>
    </ClCompile>
    <ClCompile Include="imgui\imgui_demo.cpp">
      <Filter>Source Files\imgui</Filter>
    </ClCompile>
    <ClCompile Include="imgui\imgui_draw.cpp">
      <Filter>Source Files\imgui</Filter>
    </ClCompile>
    <ClCompile Include="imgui\imgui_impl_glfw.cpp">
      <Filter>Source Files\imgui</Filter>
    </ClCompile>
    <ClCompile Include="imgui\imgui_impl_opengl3.cpp">
      <Filter>Source Files\imgui</Filter>
    </ClCompile>
    <ClCompile Include="imgui\imgui_tables.cpp">
      <Filter>Source Files\imgui</Filter>
    </ClCompile>
    <ClCompile Include="imgui\imgui_widgets.cpp">
      <Filter>Source Files\imgui</Filter>
    </ClCompile>
    <ClCompile Include="Source.cpp">
      <Filter>Source Files\UreTechEngine</Filter>
    </ClCompile>
    <ClCompile Include="vayrusCube.cpp">
      <Filter>Source Files\vayRUSContent</Filter>
    </ClCompile>
    <ClCompile Include="UreTechEngine\entity\entity.cpp">
      <Filter>Source Files\UreTechEngine\entity</Filter>
    </ClCompile>
    <ClCompile Include="UreTechEngine\network\network.cpp">
      <Filter>Source Files\UreTechEngine\network</Filter>
    </ClCompile>
    <ClCompile Include="UreTechEngine\player\player.cpp">
      <Filter>Source Files\UreTechEngine\player</Filter>
    </ClCompile>
    <ClCompile Include="UreTechEngine\shaders\shaderSystem.cpp">
      <Filter>Source Files\UreTechEngine\shaders</Filter>
    </ClCompile>
    <ClCompile Include="UreTechEngine\shaders\textureSystem.cpp">
      <Filter>Source Files\UreTechEngine\shaders</Filter>
    </ClCompile>
    <ClCompile Include="UreTechEngine\shaders\vertexArray.cpp">
      <Filter>Source Files\UreTechEngine\shaders</Filter>
    </ClCompile>
    <ClCompile Include="UreTechEngine\shaders\vertexStructs.cpp">
      <Filter>Source Files\UreTechEngine\shaders</Filter>
    </ClCompile>
    <ClCompile Include="UreTechEngine\shaders\glad.c">
      <Filter>Source Files\UreTechEngine\shaders</Filter>
    </ClCompile>
    <ClCompile Include="UreTechEngine\shaders\mesh.cpp">
      <Filter>Source Files\UreTechEngine\shaders</Filter>
    </ClCompile>
    <ClCompile Include="UreTechEngine\shaders\MeshManager.cpp">
      <Filter>Source Files\UreTechEngine\shaders</Filter>
    </ClCompile>
    <ClCompile Include="UreTechEngine\utils\errOut.cpp">
      <Filter>Source Files\UreTechEngine\utils</Filter>
    </ClCompile>
    <ClCompile Include="UreTechEngine\utils\Array.cpp">
      <Filter>Source Files\UreTechEngine\utils</Filter>
    </ClCompile>
    <ClCompile Include="UreTechEngine\EngineBase.cpp">
      <Filter>Source Files\UreTechEngine</Filter>
    </ClCompile>
  </ItemGroup>
  <ItemGroup>
    <None Include="packages.config" />
    <None Include="baseVS.glsl">
      <Filter>Source Files\UreTechEngine\shaders</Filter>
    </None>
    <None Include="baseFS.glsl">
      <Filter>Source Files\UreTechEngine\shaders</Filter>
    </None>
  </ItemGroup>
  <ItemGroup>
    <ClInclude Include="imgui\imstb_truetype.h">
      <Filter>Source Files\imgui</Filter>
    </ClInclude>
    <ClInclude Include="imgui\imconfig.h">
      <Filter>Source Files\imgui</Filter>
    </ClInclude>
    <ClInclude Include="imgui\imgui.h">
      <Filter>Source Files\imgui</Filter>
    </ClInclude>
    <ClInclude Include="imgui\imgui_impl_glfw.h">
      <Filter>Source Files\imgui</Filter>
    </ClInclude>
    <ClInclude Include="imgui\imgui_impl_opengl3.h">
      <Filter>Source Files\imgui</Filter>
    </ClInclude>
    <ClInclude Include="imgui\imgui_impl_opengl3_loader.h">
      <Filter>Source Files\imgui</Filter>
    </ClInclude>
    <ClInclude Include="imgui\imgui_internal.h">
      <Filter>Source Files\imgui</Filter>
    </ClInclude>
    <ClInclude Include="imgui\imstb_rectpack.h">
      <Filter>Source Files\imgui</Filter>
    </ClInclude>
    <ClInclude Include="imgui\imstb_textedit.h">
      <Filter>Source Files\imgui</Filter>
    </ClInclude>
    <ClInclude Include="include\GLFW\include\GLFW\glfw3.h">
      <Filter>Header Files</Filter>
    </ClInclude>
    <ClInclude Include="include\GLFW\include\GLFW\glfw3native.h">
      <Filter>Header Files</Filter>
    </ClInclude>
    <ClInclude Include="vayrusCube.h">
      <Filter>Source Files\vayRUSContent</Filter>
    </ClInclude>
    <ClInclude Include="resource.h">
      <Filter>Header Files</Filter>
    </ClInclude>
    <ClInclude Include="src\stb_image.h">
      <Filter>Source Files\UreTechEngine\shaders</Filter>
    </ClInclude>
    <ClInclude Include="UreTechEngine\entity\entity.h">
      <Filter>Source Files\UreTechEngine\entity</Filter>
    </ClInclude>
    <ClInclude Include="UreTechEngine\network\network.h">
      <Filter>Source Files\UreTechEngine\network</Filter>
    </ClInclude>
    <ClInclude Include="UreTechEngine\player\player.h">
      <Filter>Source Files\UreTechEngine\player</Filter>
    </ClInclude>
    <ClInclude Include="UreTechEngine\shaders\MeshManager.hpp">
      <Filter>Source Files\UreTechEngine\shaders</Filter>
    </ClInclude>
    <ClInclude Include="UreTechEngine\shaders\shaderSystem.hpp">
      <Filter>Source Files\UreTechEngine\shaders</Filter>
    </ClInclude>
    <ClInclude Include="UreTechEngine\shaders\textureSystem.hpp">
      <Filter>Source Files\UreTechEngine\shaders</Filter>
    </ClInclude>
    <ClInclude Include="UreTechEngine\shaders\vertexArray.hpp">
      <Filter>Source Files\UreTechEngine\shaders</Filter>
    </ClInclude>
    <ClInclude Include="UreTechEngine\shaders\vertexStructs.hpp">
      <Filter>Source Files\UreTechEngine\shaders</Filter>
    </ClInclude>
    <ClInclude Include="UreTechEngine\shaders\mesh.hpp">
      <Filter>Source Files\UreTechEngine\shaders</Filter>
    </ClInclude>
    <ClInclude Include="UreTechEngine\utils\Array.hpp">
      <Filter>Source Files\UreTechEngine\utils</Filter>
    </ClInclude>
    <ClInclude Include="UreTechEngine\utils\baseVector.h">
      <Filter>Source Files\UreTechEngine\utils</Filter>
    </ClInclude>
    <ClInclude Include="UreTechEngine\utils\errOut.h">
      <Filter>Source Files\UreTechEngine\utils</Filter>
    </ClInclude>
    <ClInclude Include="UreTechEngine\utils\3DMath.hpp">
      <Filter>Source Files\UreTechEngine\utils</Filter>
    </ClInclude>
    <ClInclude Include="UreTechEngine\EngineBase.h">
      <Filter>Source Files\UreTechEngine</Filter>
    </ClInclude>
  </ItemGroup>
  <ItemGroup>
    <ResourceCompile Include="vayRUS3D.rc">
      <Filter>Resource Files</Filter>
    </ResourceCompile>
  </ItemGroup>
  <ItemGroup>
    <Image Include="icon.ico">
      <Filter>Resource Files</Filter>
    </Image>
  </ItemGroup>
</Project>